
Microsoft Visual Studio Solution File, Format Version 12.00
# Visual Studio Version 16
VisualStudioVersion = 16.0.31624.102
MinimumVisualStudioVersion = 10.0.40219.1
Project("{FAE04EC0-301F-11D3-BF4B-00C04F79EFBC}") = "CssScan", "CssScan\CssScan.csproj", "{BBC576DA-21FB-4D62-B789-67FE73F72642}"
EndProject
Global
	GlobalSection(SolutionConfigurationPlatforms) = preSolution
		Debug|Any CPU = Debug|Any CPU
		Release|Any CPU = Release|Any CPU
	EndGlobalSection
	GlobalSection(ProjectConfigurationPlatforms) = postSolution
		{BBC576DA-21FB-4D62-B789-67FE73F72642}.Debug|Any CPU.ActiveCfg = Debug|Any CPU
		{BBC576DA-21FB-4D62-B789-67FE73F72642}.Debug|Any CPU.Build.0 = Debug|Any CPU
		{BBC576DA-21FB-4D62-B789-67FE73F72642}.Release|Any CPU.ActiveCfg = Release|Any CPU
		{BBC576DA-21FB-4D62-B789-67FE73F72642}.Release|Any CPU.Build.0 = Release|Any CPU
	EndGlobalSection
	GlobalSection(SolutionProperties) = preSolution
		HideSolutionNode = FALSE
	EndGlobalSection
	GlobalSection(ExtensibilityGlobals) = postSolution
		SolutionGuid = {95C4DA57-B573-4105-996F-859C1ECDA9FB}
	EndGlobalSection
EndGlobal
